
Microsoft Visual Studio Solution File, Format Version 12.00
# Visual Studio Version 17
VisualStudioVersion = 17.0.32112.339
MinimumVisualStudioVersion = 10.0.40219.1
Project("{FAE04EC0-301F-11D3-BF4B-00C04F79EFBC}") = "DemoFunctionApp", "DemoFunctionApp\DemoFunctionApp.csproj", "{0D68CF26-7A0B-4BEF-A196-0ECBC5BED6D5}"
EndProject
Global
	GlobalSection(SolutionConfigurationPlatforms) = preSolution
		Debug|Any CPU = Debug|Any CPU
		Release|Any CPU = Release|Any CPU
	EndGlobalSection
	GlobalSection(ProjectConfigurationPlatforms) = postSolution
		{0D68CF26-7A0B-4BEF-A196-0ECBC5BED6D5}.Debug|Any CPU.ActiveCfg = Debug|Any CPU
		{0D68CF26-7A0B-4BEF-A196-0ECBC5BED6D5}.Debug|Any CPU.Build.0 = Debug|Any CPU
		{0D68CF26-7A0B-4BEF-A196-0ECBC5BED6D5}.Release|Any CPU.ActiveCfg = Release|Any CPU
		{0D68CF26-7A0B-4BEF-A196-0ECBC5BED6D5}.Release|Any CPU.Build.0 = Release|Any CPU
	EndGlobalSection
	GlobalSection(SolutionProperties) = preSolution
		HideSolutionNode = FALSE
	EndGlobalSection
	GlobalSection(ExtensibilityGlobals) = postSolution
		SolutionGuid = {5FE50C40-72F5-41F7-A82F-1D7010D1E698}
	EndGlobalSection
EndGlobal
