
Microsoft Visual Studio Solution File, Format Version 12.00
# Visual Studio Version 17
VisualStudioVersion = 17.0.32112.339
MinimumVisualStudioVersion = 10.0.40219.1
Project("{FAE04EC0-301F-11D3-BF4B-00C04F79EFBC}") = "UploadFIleServer", "UploadFIleServer\UploadFIleServer.csproj", "{68181FE1-38BA-4DAD-A848-1F959AA9120A}"
EndProject
Global
	GlobalSection(SolutionConfigurationPlatforms) = preSolution
		Debug|Any CPU = Debug|Any CPU
		Release|Any CPU = Release|Any CPU
	EndGlobalSection
	GlobalSection(ProjectConfigurationPlatforms) = postSolution
		{68181FE1-38BA-4DAD-A848-1F959AA9120A}.Debug|Any CPU.ActiveCfg = Debug|Any CPU
		{68181FE1-38BA-4DAD-A848-1F959AA9120A}.Debug|Any CPU.Build.0 = Debug|Any CPU
		{68181FE1-38BA-4DAD-A848-1F959AA9120A}.Release|Any CPU.ActiveCfg = Release|Any CPU
		{68181FE1-38BA-4DAD-A848-1F959AA9120A}.Release|Any CPU.Build.0 = Release|Any CPU
	EndGlobalSection
	GlobalSection(SolutionProperties) = preSolution
		HideSolutionNode = FALSE
	EndGlobalSection
	GlobalSection(ExtensibilityGlobals) = postSolution
		SolutionGuid = {A58D4CF2-67AD-4B3B-8E60-2DF41485F9F4}
	EndGlobalSection
EndGlobal
