
Microsoft Visual Studio Solution File, Format Version 12.00
# Visual Studio Version 16
VisualStudioVersion = 16.0.32602.291
MinimumVisualStudioVersion = 10.0.40219.1
Project("{FAE04EC0-301F-11D3-BF4B-00C04F79EFBC}") = "EcommerceWebApi", "EcommerceWebApi\EcommerceWebApi.csproj", "{FDFEF2CB-B5E9-4C91-9DE7-17C7ED1A4988}"
EndProject
Global
	GlobalSection(SolutionConfigurationPlatforms) = preSolution
		Debug|Any CPU = Debug|Any CPU
		Release|Any CPU = Release|Any CPU
	EndGlobalSection
	GlobalSection(ProjectConfigurationPlatforms) = postSolution
		{FDFEF2CB-B5E9-4C91-9DE7-17C7ED1A4988}.Debug|Any CPU.ActiveCfg = Debug|Any CPU
		{FDFEF2CB-B5E9-4C91-9DE7-17C7ED1A4988}.Debug|Any CPU.Build.0 = Debug|Any CPU
		{FDFEF2CB-B5E9-4C91-9DE7-17C7ED1A4988}.Release|Any CPU.ActiveCfg = Release|Any CPU
		{FDFEF2CB-B5E9-4C91-9DE7-17C7ED1A4988}.Release|Any CPU.Build.0 = Release|Any CPU
	EndGlobalSection
	GlobalSection(SolutionProperties) = preSolution
		HideSolutionNode = FALSE
	EndGlobalSection
	GlobalSection(ExtensibilityGlobals) = postSolution
		SolutionGuid = {AAD47C42-C380-4939-AF57-9F34B11F1847}
	EndGlobalSection
EndGlobal
